// !$*UTF8*$!
{
	archiveVersion = 1;
	classes = {
	};
	objectVersion = 54;
	objects = {

/* Begin PBXBuildFile section */
		01228F65079733201D407DB0 /* HuggingFaceAPINetworkTests.swift in Sources */ = {isa = PBXBuildFile; fileRef = CB2D60803B79B380D09106A7 /* HuggingFaceAPINetworkTests.swift */; };
		09DE1CC2D8C5E6F90360A217 /* MessageBubble.swift in Sources */ = {isa = PBXBuildFile; fileRef = 03052EA84463518EF83F4874 /* MessageBubble.swift */; };
		1FF96750A40D916D6A648DC6 /* ModelSetupView.swift in Sources */ = {isa = PBXBuildFile; fileRef = 27B7920E54972593A26A7792 /* ModelSetupView.swift */; };
		2963FDBA28BBFC10CACD0471 /* ChatView.swift in Sources */ = {isa = PBXBuildFile; fileRef = C0A254C41271A4BD89DC1D54 /* ChatView.swift */; };
		30249BD135DFCC2DC64CA9A9 /* ModelManagerTests.swift in Sources */ = {isa = PBXBuildFile; fileRef = F6033BFFC33930E51381535D /* ModelManagerTests.swift */; };
		39322F0B097D3D95B94D462F /* HuggingFaceTokenView.swift in Sources */ = {isa = PBXBuildFile; fileRef = D945D1C027E0B71050C34A7E /* HuggingFaceTokenView.swift */; };
		4146CEA31B6DA0483B98731E /* ModelCardView.swift in Sources */ = {isa = PBXBuildFile; fileRef = BBD59F36A75D87883E854DA2 /* ModelCardView.swift */; };
		44ED7B0E73C5F2ED221DF7A9 /* ChatViewModel.swift in Sources */ = {isa = PBXBuildFile; fileRef = 628227A8CDF33573D5CC83D3 /* ChatViewModel.swift */; };
		465618ADA47505DF21749587 /* ModelRegistryTests.swift in Sources */ = {isa = PBXBuildFile; fileRef = C65D43FEF3AD5C27130418AF /* ModelRegistryTests.swift */; };
		46E2943180E315149670FC1E /* ModelDownloaderTests.swift in Sources */ = {isa = PBXBuildFile; fileRef = C7B6EEA60D8B82D1A3DCDD88 /* ModelDownloaderTests.swift */; };
		5AAC4352860327CF42E16F02 /* MLXEngine in Frameworks */ = {isa = PBXBuildFile; productRef = 555C7683EA182AB4384CFEF7 /* MLXEngine */; };
		5D1458F312910A65D130929B /* ContentView.swift in Sources */ = {isa = PBXBuildFile; fileRef = A0F9AAD8AD16750734F01936 /* ContentView.swift */; };
		61A7BF4AAB28B97BD31157D1 /* MLXEngineTests.swift in Sources */ = {isa = PBXBuildFile; fileRef = 4381DBEF9CE2EDB5C8945A69 /* MLXEngineTests.swift */; };
		6DEE1E32D6C6C2659A955064 /* SwiftUIKit in Frameworks */ = {isa = PBXBuildFile; productRef = FF2F941C65D5C9D43695E2A1 /* SwiftUIKit */; };
		70BF655EC81C48C7DFD7B882 /* AppState.swift in Sources */ = {isa = PBXBuildFile; fileRef = F7C43B66A656BAEBBCB6088E /* AppState.swift */; };
		851FDB70FBCBDE3B63D034A9 /* ChatSessionTests.swift in Sources */ = {isa = PBXBuildFile; fileRef = 830AFD9D5C9EED697C68D408 /* ChatSessionTests.swift */; };
		8610C46AA879988B8AAFF649 /* ChatMessage.swift in Sources */ = {isa = PBXBuildFile; fileRef = C868A3666D5CB27B1F9D2F90 /* ChatMessage.swift */; };
		9E4FBDDEF87C935E5CEF12D8 /* ChatInputView.swift in Sources */ = {isa = PBXBuildFile; fileRef = 778315ED9FD363F26962EBE3 /* ChatInputView.swift */; };
		B5C058E02E49DCCDCA4CF964 /* RealWorldModelTests.swift in Sources */ = {isa = PBXBuildFile; fileRef = 3810CE5942F9250F20A45EF2 /* RealWorldModelTests.swift */; };
		BC4669A047F86B6B487514B8 /* MLXEngine in Frameworks */ = {isa = PBXBuildFile; productRef = A44D88238931D68F3E0A407A /* MLXEngine */; };
		D255A4744D03C45C9565113E /* ModelDiscoveryServiceTests.swift in Sources */ = {isa = PBXBuildFile; fileRef = AA74FDF112E30C60A5562338 /* ModelDiscoveryServiceTests.swift */; };
		DDC27BC78CC4F181AC13B0AF /* ModelDiscoveryView.swift in Sources */ = {isa = PBXBuildFile; fileRef = 6D86F5772AAF826C9E212D6F /* ModelDiscoveryView.swift */; };
		E27F35F59DDED19DB86ACC89 /* RealisticModelTests.swift in Sources */ = {isa = PBXBuildFile; fileRef = 9221E7E0683B43716206662F /* RealisticModelTests.swift */; };
		EDA29882590FFA30BB1EB395 /* MLXChatAppApp.swift in Sources */ = {isa = PBXBuildFile; fileRef = 30BE2D4B0F4A7C0B1C6F2025 /* MLXChatAppApp.swift */; };
		F2A9328295AC42FE72E078F5 /* OnboardingView.swift in Sources */ = {isa = PBXBuildFile; fileRef = 5D083F22DCBE794E22FF20E7 /* OnboardingView.swift */; };
		F42611972A6F23E0AA2B8B71 /* MLXIntegrationTests.swift in Sources */ = {isa = PBXBuildFile; fileRef = 4FDBD7223D2B1B19254D1BE9 /* MLXIntegrationTests.swift */; };
		FD0D1924DD2B58D8D2C0E46B /* ModelDiscoveryViewModel.swift in Sources */ = {isa = PBXBuildFile; fileRef = 10FA6B920DDF0E409951D136 /* ModelDiscoveryViewModel.swift */; };
/* End PBXBuildFile section */

/* Begin PBXFileReference section */
		03052EA84463518EF83F4874 /* MessageBubble.swift */ = {isa = PBXFileReference; lastKnownFileType = sourcecode.swift; path = MessageBubble.swift; sourceTree = "<group>"; };
		038BA0D1AE0B25B8CA6C36D9 /* Info.plist */ = {isa = PBXFileReference; lastKnownFileType = text.plist; path = Info.plist; sourceTree = "<group>"; };
		10FA6B920DDF0E409951D136 /* ModelDiscoveryViewModel.swift */ = {isa = PBXFileReference; lastKnownFileType = sourcecode.swift; path = ModelDiscoveryViewModel.swift; sourceTree = "<group>"; };
		131C4E552D4B8069EE1D99E1 /* MLXChatApp-iOS.app */ = {isa = PBXFileReference; includeInIndex = 0; lastKnownFileType = wrapper.application; path = "MLXChatApp-iOS.app"; sourceTree = BUILT_PRODUCTS_DIR; };
		2489E4D10A7352AFF6E09B69 /* swift-uikit */ = {isa = PBXFileReference; lastKnownFileType = folder; name = "swift-uikit"; path = "../../swift-uikit"; sourceTree = SOURCE_ROOT; };
		27B7920E54972593A26A7792 /* ModelSetupView.swift */ = {isa = PBXFileReference; lastKnownFileType = sourcecode.swift; path = ModelSetupView.swift; sourceTree = "<group>"; };
		30BE2D4B0F4A7C0B1C6F2025 /* MLXChatAppApp.swift */ = {isa = PBXFileReference; lastKnownFileType = sourcecode.swift; path = MLXChatAppApp.swift; sourceTree = "<group>"; };
		3810CE5942F9250F20A45EF2 /* RealWorldModelTests.swift */ = {isa = PBXFileReference; lastKnownFileType = sourcecode.swift; path = RealWorldModelTests.swift; sourceTree = "<group>"; };
		3DAA7E1E71873EDFEEECC02F /* Info.plist */ = {isa = PBXFileReference; lastKnownFileType = text.plist; path = Info.plist; sourceTree = "<group>"; };
		4381DBEF9CE2EDB5C8945A69 /* MLXEngineTests.swift */ = {isa = PBXFileReference; lastKnownFileType = sourcecode.swift; path = MLXEngineTests.swift; sourceTree = "<group>"; };
		4FDBD7223D2B1B19254D1BE9 /* MLXIntegrationTests.swift */ = {isa = PBXFileReference; lastKnownFileType = sourcecode.swift; path = MLXIntegrationTests.swift; sourceTree = "<group>"; };
		5D083F22DCBE794E22FF20E7 /* OnboardingView.swift */ = {isa = PBXFileReference; lastKnownFileType = sourcecode.swift; path = OnboardingView.swift; sourceTree = "<group>"; };
		628227A8CDF33573D5CC83D3 /* ChatViewModel.swift */ = {isa = PBXFileReference; lastKnownFileType = sourcecode.swift; path = ChatViewModel.swift; sourceTree = "<group>"; };
		6D86F5772AAF826C9E212D6F /* ModelDiscoveryView.swift */ = {isa = PBXFileReference; lastKnownFileType = sourcecode.swift; path = ModelDiscoveryView.swift; sourceTree = "<group>"; };
		778315ED9FD363F26962EBE3 /* ChatInputView.swift */ = {isa = PBXFileReference; lastKnownFileType = sourcecode.swift; path = ChatInputView.swift; sourceTree = "<group>"; };
		830AFD9D5C9EED697C68D408 /* ChatSessionTests.swift */ = {isa = PBXFileReference; lastKnownFileType = sourcecode.swift; path = ChatSessionTests.swift; sourceTree = "<group>"; };
		9221E7E0683B43716206662F /* RealisticModelTests.swift */ = {isa = PBXFileReference; lastKnownFileType = sourcecode.swift; path = RealisticModelTests.swift; sourceTree = "<group>"; };
		A0F9AAD8AD16750734F01936 /* ContentView.swift */ = {isa = PBXFileReference; lastKnownFileType = sourcecode.swift; path = ContentView.swift; sourceTree = "<group>"; };
		AA74FDF112E30C60A5562338 /* ModelDiscoveryServiceTests.swift */ = {isa = PBXFileReference; lastKnownFileType = sourcecode.swift; path = ModelDiscoveryServiceTests.swift; sourceTree = "<group>"; };
		BBD59F36A75D87883E854DA2 /* ModelCardView.swift */ = {isa = PBXFileReference; lastKnownFileType = sourcecode.swift; path = ModelCardView.swift; sourceTree = "<group>"; };
		C0A254C41271A4BD89DC1D54 /* ChatView.swift */ = {isa = PBXFileReference; lastKnownFileType = sourcecode.swift; path = ChatView.swift; sourceTree = "<group>"; };
		C65D43FEF3AD5C27130418AF /* ModelRegistryTests.swift */ = {isa = PBXFileReference; lastKnownFileType = sourcecode.swift; path = ModelRegistryTests.swift; sourceTree = "<group>"; };
		C7B6EEA60D8B82D1A3DCDD88 /* ModelDownloaderTests.swift */ = {isa = PBXFileReference; lastKnownFileType = sourcecode.swift; path = ModelDownloaderTests.swift; sourceTree = "<group>"; };
		C868A3666D5CB27B1F9D2F90 /* ChatMessage.swift */ = {isa = PBXFileReference; lastKnownFileType = sourcecode.swift; path = ChatMessage.swift; sourceTree = "<group>"; };
		CB2D60803B79B380D09106A7 /* HuggingFaceAPINetworkTests.swift */ = {isa = PBXFileReference; lastKnownFileType = sourcecode.swift; path = HuggingFaceAPINetworkTests.swift; sourceTree = "<group>"; };
		D50DAF353EC29A23594D4801 /* .keep */ = {isa = PBXFileReference; path = .keep; sourceTree = "<group>"; };
		D7AAB9882326E0E86CDFF259 /* mlx-engine */ = {isa = PBXFileReference; lastKnownFileType = folder; name = "mlx-engine"; path = ..; sourceTree = SOURCE_ROOT; };
		D945D1C027E0B71050C34A7E /* HuggingFaceTokenView.swift */ = {isa = PBXFileReference; lastKnownFileType = sourcecode.swift; path = HuggingFaceTokenView.swift; sourceTree = "<group>"; };
		DCF9534E358626C70707DEA3 /* MLXEngineTests.xctest */ = {isa = PBXFileReference; explicitFileType = wrapper.cfbundle; includeInIndex = 0; path = MLXEngineTests.xctest; sourceTree = BUILT_PRODUCTS_DIR; };
		F6033BFFC33930E51381535D /* ModelManagerTests.swift */ = {isa = PBXFileReference; lastKnownFileType = sourcecode.swift; path = ModelManagerTests.swift; sourceTree = "<group>"; };
		F7C43B66A656BAEBBCB6088E /* AppState.swift */ = {isa = PBXFileReference; lastKnownFileType = sourcecode.swift; path = AppState.swift; sourceTree = "<group>"; };
/* End PBXFileReference section */

/* Begin PBXFrameworksBuildPhase section */
		B0A451F61018204B668879F2 /* Frameworks */ = {
			isa = PBXFrameworksBuildPhase;
			buildActionMask = 2147483647;
			files = (
				5AAC4352860327CF42E16F02 /* MLXEngine in Frameworks */,
				6DEE1E32D6C6C2659A955064 /* SwiftUIKit in Frameworks */,
			);
			runOnlyForDeploymentPostprocessing = 0;
		};
		CE60B729DA06731A830D755D /* Frameworks */ = {
			isa = PBXFrameworksBuildPhase;
			buildActionMask = 2147483647;
			files = (
				BC4669A047F86B6B487514B8 /* MLXEngine in Frameworks */,
			);
			runOnlyForDeploymentPostprocessing = 0;
		};
/* End PBXFrameworksBuildPhase section */

/* Begin PBXGroup section */
		1E6129C188379CA6B7293629 /* ModelHub */ = {
			isa = PBXGroup;
			children = (
				D945D1C027E0B71050C34A7E /* HuggingFaceTokenView.swift */,
				BBD59F36A75D87883E854DA2 /* ModelCardView.swift */,
				6D86F5772AAF826C9E212D6F /* ModelDiscoveryView.swift */,
				10FA6B920DDF0E409951D136 /* ModelDiscoveryViewModel.swift */,
			);
			path = ModelHub;
			sourceTree = "<group>";
		};
		2C48E76EF7FF89A5CCFB42A6 /* MLXEngineTests */ = {
			isa = PBXGroup;
			children = (
				830AFD9D5C9EED697C68D408 /* ChatSessionTests.swift */,
				CB2D60803B79B380D09106A7 /* HuggingFaceAPINetworkTests.swift */,
				3DAA7E1E71873EDFEEECC02F /* Info.plist */,
				4381DBEF9CE2EDB5C8945A69 /* MLXEngineTests.swift */,
				4FDBD7223D2B1B19254D1BE9 /* MLXIntegrationTests.swift */,
				AA74FDF112E30C60A5562338 /* ModelDiscoveryServiceTests.swift */,
				C7B6EEA60D8B82D1A3DCDD88 /* ModelDownloaderTests.swift */,
				F6033BFFC33930E51381535D /* ModelManagerTests.swift */,
				C65D43FEF3AD5C27130418AF /* ModelRegistryTests.swift */,
				9221E7E0683B43716206662F /* RealisticModelTests.swift */,
				3810CE5942F9250F20A45EF2 /* RealWorldModelTests.swift */,
			);
			name = MLXEngineTests;
			path = ../Tests/MLXEngineTests;
			sourceTree = "<group>";
		};
		31615AC866FE55B893E00591 /* iOS */ = {
			isa = PBXGroup;
			children = (
				038BA0D1AE0B25B8CA6C36D9 /* Info.plist */,
			);
			name = iOS;
			path = Sources/iOS;
			sourceTree = "<group>";
		};
		4980903589DCB36471EE2E36 /* Onboarding */ = {
			isa = PBXGroup;
			children = (
				27B7920E54972593A26A7792 /* ModelSetupView.swift */,
				5D083F22DCBE794E22FF20E7 /* OnboardingView.swift */,
			);
			path = Onboarding;
			sourceTree = "<group>";
		};
		6167C316C610A994BE6E0B14 /* Packages */ = {
			isa = PBXGroup;
			children = (
				D7AAB9882326E0E86CDFF259 /* mlx-engine */,
				2489E4D10A7352AFF6E09B69 /* swift-uikit */,
			);
			name = Packages;
			sourceTree = "<group>";
		};
		7044ACA172D146D9EDF63D53 /* Chat */ = {
			isa = PBXGroup;
			children = (
				778315ED9FD363F26962EBE3 /* ChatInputView.swift */,
				C868A3666D5CB27B1F9D2F90 /* ChatMessage.swift */,
				C0A254C41271A4BD89DC1D54 /* ChatView.swift */,
				628227A8CDF33573D5CC83D3 /* ChatViewModel.swift */,
				03052EA84463518EF83F4874 /* MessageBubble.swift */,
			);
			path = Chat;
			sourceTree = "<group>";
		};
		9F87DD50CFE85DB39B9F50C0 /* MLXChatApp */ = {
			isa = PBXGroup;
			children = (
				F7C43B66A656BAEBBCB6088E /* AppState.swift */,
				A0F9AAD8AD16750734F01936 /* ContentView.swift */,
				30BE2D4B0F4A7C0B1C6F2025 /* MLXChatAppApp.swift */,
				E08BBB8D0A68899C937F0E45 /* Features */,
			);
			name = MLXChatApp;
			path = Sources/MLXChatApp;
			sourceTree = "<group>";
		};
		AADA88F42CFDE85B357A3D7A /* Shared */ = {
			isa = PBXGroup;
			children = (
				D50DAF353EC29A23594D4801 /* .keep */,
			);
			name = Shared;
			path = Sources/Shared;
			sourceTree = "<group>";
		};
		E06EE17C12FC0117DAF273C5 = {
			isa = PBXGroup;
			children = (
				31615AC866FE55B893E00591 /* iOS */,
				9F87DD50CFE85DB39B9F50C0 /* MLXChatApp */,
				2C48E76EF7FF89A5CCFB42A6 /* MLXEngineTests */,
				6167C316C610A994BE6E0B14 /* Packages */,
				AADA88F42CFDE85B357A3D7A /* Shared */,
				FE3F29469A6B336529347205 /* Products */,
			);
			sourceTree = "<group>";
		};
		E08BBB8D0A68899C937F0E45 /* Features */ = {
			isa = PBXGroup;
			children = (
				7044ACA172D146D9EDF63D53 /* Chat */,
				1E6129C188379CA6B7293629 /* ModelHub */,
				4980903589DCB36471EE2E36 /* Onboarding */,
			);
			path = Features;
			sourceTree = "<group>";
		};
		FE3F29469A6B336529347205 /* Products */ = {
			isa = PBXGroup;
			children = (
				131C4E552D4B8069EE1D99E1 /* MLXChatApp-iOS.app */,
				DCF9534E358626C70707DEA3 /* MLXEngineTests.xctest */,
			);
			name = Products;
			sourceTree = "<group>";
		};
/* End PBXGroup section */

/* Begin PBXNativeTarget section */
		7EC2C2AE66F7EEACB5B8F945 /* MLXChatApp-iOS */ = {
			isa = PBXNativeTarget;
			buildConfigurationList = F29504A6C205BF671ACDC26F /* Build configuration list for PBXNativeTarget "MLXChatApp-iOS" */;
			buildPhases = (
				A5F9F467024E8CA06C0574C3 /* Sources */,
				B0A451F61018204B668879F2 /* Frameworks */,
			);
			buildRules = (
			);
			dependencies = (
			);
			name = "MLXChatApp-iOS";
			packageProductDependencies = (
				555C7683EA182AB4384CFEF7 /* MLXEngine */,
				FF2F941C65D5C9D43695E2A1 /* SwiftUIKit */,
			);
			productName = "MLXChatApp-iOS";
			productReference = 131C4E552D4B8069EE1D99E1 /* MLXChatApp-iOS.app */;
			productType = "com.apple.product-type.application";
		};
		B24F86A9FA49EBD965F43F4B /* MLXEngineTests */ = {
			isa = PBXNativeTarget;
			buildConfigurationList = DEAF739C21476078B45966F0 /* Build configuration list for PBXNativeTarget "MLXEngineTests" */;
			buildPhases = (
				45996BEFF610F843B8250E52 /* Sources */,
				CE60B729DA06731A830D755D /* Frameworks */,
			);
			buildRules = (
			);
			dependencies = (
			);
			name = MLXEngineTests;
			packageProductDependencies = (
				A44D88238931D68F3E0A407A /* MLXEngine */,
			);
			productName = MLXEngineTests;
			productReference = DCF9534E358626C70707DEA3 /* MLXEngineTests.xctest */;
			productType = "com.apple.product-type.bundle.unit-test";
		};
/* End PBXNativeTarget section */

/* Begin PBXProject section */
		264141558CC2AB5401AE98B5 /* Project object */ = {
			isa = PBXProject;
			attributes = {
				BuildIndependentTargetsInParallel = YES;
				LastUpgradeCheck = 1430;
				TargetAttributes = {
					7EC2C2AE66F7EEACB5B8F945 = {
						DevelopmentTeam = M3W42R75UU;
					};
				};
			};
			buildConfigurationList = 938375124746FA3003DDBD4C /* Build configuration list for PBXProject "MLXChatApp" */;
			compatibilityVersion = "Xcode 14.0";
			developmentRegion = en;
			hasScannedForEncodings = 0;
			knownRegions = (
				Base,
				en,
			);
			mainGroup = E06EE17C12FC0117DAF273C5;
			minimizedProjectReferenceProxies = 1;
			packageReferences = (
				3884A2C099EDF450BF144EBE /* XCLocalSwiftPackageReference "..//" */,
				6651228C246758B398EAEB30 /* XCLocalSwiftPackageReference "../../swift-uikit" */,
			);
			preferredProjectObjectVersion = 54;
			projectDirPath = "";
			projectRoot = "";
			targets = (
				7EC2C2AE66F7EEACB5B8F945 /* MLXChatApp-iOS */,
				B24F86A9FA49EBD965F43F4B /* MLXEngineTests */,
			);
		};
/* End PBXProject section */

/* Begin PBXSourcesBuildPhase section */
		45996BEFF610F843B8250E52 /* Sources */ = {
			isa = PBXSourcesBuildPhase;
			buildActionMask = 2147483647;
			files = (
				851FDB70FBCBDE3B63D034A9 /* ChatSessionTests.swift in Sources */,
				01228F65079733201D407DB0 /* HuggingFaceAPINetworkTests.swift in Sources */,
				61A7BF4AAB28B97BD31157D1 /* MLXEngineTests.swift in Sources */,
				F42611972A6F23E0AA2B8B71 /* MLXIntegrationTests.swift in Sources */,
				D255A4744D03C45C9565113E /* ModelDiscoveryServiceTests.swift in Sources */,
				46E2943180E315149670FC1E /* ModelDownloaderTests.swift in Sources */,
				30249BD135DFCC2DC64CA9A9 /* ModelManagerTests.swift in Sources */,
				465618ADA47505DF21749587 /* ModelRegistryTests.swift in Sources */,
				B5C058E02E49DCCDCA4CF964 /* RealWorldModelTests.swift in Sources */,
				E27F35F59DDED19DB86ACC89 /* RealisticModelTests.swift in Sources */,
			);
			runOnlyForDeploymentPostprocessing = 0;
		};
		A5F9F467024E8CA06C0574C3 /* Sources */ = {
			isa = PBXSourcesBuildPhase;
			buildActionMask = 2147483647;
			files = (
				70BF655EC81C48C7DFD7B882 /* AppState.swift in Sources */,
				9E4FBDDEF87C935E5CEF12D8 /* ChatInputView.swift in Sources */,
				8610C46AA879988B8AAFF649 /* ChatMessage.swift in Sources */,
				2963FDBA28BBFC10CACD0471 /* ChatView.swift in Sources */,
				44ED7B0E73C5F2ED221DF7A9 /* ChatViewModel.swift in Sources */,
				5D1458F312910A65D130929B /* ContentView.swift in Sources */,
				39322F0B097D3D95B94D462F /* HuggingFaceTokenView.swift in Sources */,
				EDA29882590FFA30BB1EB395 /* MLXChatAppApp.swift in Sources */,
				09DE1CC2D8C5E6F90360A217 /* MessageBubble.swift in Sources */,
				4146CEA31B6DA0483B98731E /* ModelCardView.swift in Sources */,
				DDC27BC78CC4F181AC13B0AF /* ModelDiscoveryView.swift in Sources */,
				FD0D1924DD2B58D8D2C0E46B /* ModelDiscoveryViewModel.swift in Sources */,
				1FF96750A40D916D6A648DC6 /* ModelSetupView.swift in Sources */,
				F2A9328295AC42FE72E078F5 /* OnboardingView.swift in Sources */,
			);
			runOnlyForDeploymentPostprocessing = 0;
		};
/* End PBXSourcesBuildPhase section */

/* Begin XCBuildConfiguration section */
		7B8378AE7F6778C0A28DEAD5 /* Release */ = {
			isa = XCBuildConfiguration;
			buildSettings = {
				ALWAYS_SEARCH_USER_PATHS = NO;
				CLANG_ANALYZER_NONNULL = YES;
				CLANG_ANALYZER_NUMBER_OBJECT_CONVERSION = YES_AGGRESSIVE;
				CLANG_CXX_LANGUAGE_STANDARD = "gnu++14";
				CLANG_CXX_LIBRARY = "libc++";
				CLANG_ENABLE_MODULES = YES;
				CLANG_ENABLE_OBJC_ARC = YES;
				CLANG_ENABLE_OBJC_WEAK = YES;
				CLANG_WARN_BLOCK_CAPTURE_AUTORELEASING = YES;
				CLANG_WARN_BOOL_CONVERSION = YES;
				CLANG_WARN_COMMA = YES;
				CLANG_WARN_CONSTANT_CONVERSION = YES;
				CLANG_WARN_DEPRECATED_OBJC_IMPLEMENTATIONS = YES;
				CLANG_WARN_DIRECT_OBJC_ISA_USAGE = YES_ERROR;
				CLANG_WARN_DOCUMENTATION_COMMENTS = YES;
				CLANG_WARN_EMPTY_BODY = YES;
				CLANG_WARN_ENUM_CONVERSION = YES;
				CLANG_WARN_INFINITE_RECURSION = YES;
				CLANG_WARN_INT_CONVERSION = YES;
				CLANG_WARN_NON_LITERAL_NULL_CONVERSION = YES;
				CLANG_WARN_OBJC_IMPLICIT_RETAIN_SELF = YES;
				CLANG_WARN_OBJC_LITERAL_CONVERSION = YES;
				CLANG_WARN_OBJC_ROOT_CLASS = YES_ERROR;
				CLANG_WARN_QUOTED_INCLUDE_IN_FRAMEWORK_HEADER = YES;
				CLANG_WARN_RANGE_LOOP_ANALYSIS = YES;
				CLANG_WARN_STRICT_PROTOTYPES = YES;
				CLANG_WARN_SUSPICIOUS_MOVE = YES;
				CLANG_WARN_UNGUARDED_AVAILABILITY = YES_AGGRESSIVE;
				CLANG_WARN_UNREACHABLE_CODE = YES;
				CLANG_WARN__DUPLICATE_METHOD_MATCH = YES;
				COPY_PHASE_STRIP = NO;
				DEBUG_INFORMATION_FORMAT = "dwarf-with-dsym";
				ENABLE_NS_ASSERTIONS = NO;
				ENABLE_STRICT_OBJC_MSGSEND = YES;
				GCC_C_LANGUAGE_STANDARD = gnu11;
				GCC_NO_COMMON_BLOCKS = YES;
				GCC_WARN_64_TO_32_BIT_CONVERSION = YES;
				GCC_WARN_ABOUT_RETURN_TYPE = YES_ERROR;
				GCC_WARN_UNDECLARED_SELECTOR = YES;
				GCC_WARN_UNINITIALIZED_AUTOS = YES_AGGRESSIVE;
				GCC_WARN_UNUSED_FUNCTION = YES;
				GCC_WARN_UNUSED_VARIABLE = YES;
				IPHONEOS_DEPLOYMENT_TARGET = 17.0;
				MACOSX_DEPLOYMENT_TARGET = 13.0;
				MTL_ENABLE_DEBUG_INFO = NO;
				MTL_FAST_MATH = YES;
				PRODUCT_NAME = "$(TARGET_NAME)";
				SWIFT_COMPILATION_MODE = wholemodule;
				SWIFT_OPTIMIZATION_LEVEL = "-O";
				SWIFT_VERSION = 5.0;
				TVOS_DEPLOYMENT_TARGET = 16.0;
				WATCHOS_DEPLOYMENT_TARGET = 9.0;
				XROS_DEPLOYMENT_TARGET = 1.0;
			};
			name = Release;
		};
		81EC944F336C97DA6B3EC337 /* Release */ = {
			isa = XCBuildConfiguration;
			buildSettings = {
				BUNDLE_LOADER = "$(TEST_HOST)";
				COMBINE_HIDPI_IMAGES = YES;
				ENABLE_TEST_DISCOVERY = YES;
				GENERATE_INFOPLIST_FILE = YES;
				INFOPLIST_FILE = ../Tests/MLXEngineTests/Info.plist;
				LD_RUNPATH_SEARCH_PATHS = (
					"$(inherited)",
					"@executable_path/../Frameworks",
					"@loader_path/../Frameworks",
				);
				PRODUCT_BUNDLE_IDENTIFIER = com.clevercoding.MLXEngineTests;
				SDKROOT = macosx;
			};
			name = Release;
		};
		99FDA0F5051D773095414642 /* Debug */ = {
			isa = XCBuildConfiguration;
			buildSettings = {
				ASSETCATALOG_COMPILER_APPICON_NAME = AppIcon;
				CODE_SIGN_IDENTITY = "iPhone Developer";
				DEVELOPMENT_TEAM = M3W42R75UU;
				GENERATE_INFOPLIST_FILE = YES;
				INFOPLIST_FILE = Sources/iOS/Info.plist;
				LD_RUNPATH_SEARCH_PATHS = (
					"$(inherited)",
					"@executable_path/Frameworks",
				);
				PRODUCT_BUNDLE_IDENTIFIER = "com.clevercoding.MLXChatApp-iOS";
				SDKROOT = iphoneos;
				TARGETED_DEVICE_FAMILY = "1,2";
			};
			name = Debug;
		};
		C1F18FAA3970EE8EAADC8A3B /* Release */ = {
			isa = XCBuildConfiguration;
			buildSettings = {
				ASSETCATALOG_COMPILER_APPICON_NAME = AppIcon;
				CODE_SIGN_IDENTITY = "iPhone Developer";
				DEVELOPMENT_TEAM = M3W42R75UU;
				GENERATE_INFOPLIST_FILE = YES;
				INFOPLIST_FILE = Sources/iOS/Info.plist;
				LD_RUNPATH_SEARCH_PATHS = (
					"$(inherited)",
					"@executable_path/Frameworks",
				);
				PRODUCT_BUNDLE_IDENTIFIER = "com.clevercoding.MLXChatApp-iOS";
				SDKROOT = iphoneos;
				TARGETED_DEVICE_FAMILY = "1,2";
			};
			name = Release;
		};
		CC47AEA7B62BC690BAB48EF3 /* Debug */ = {
			isa = XCBuildConfiguration;
			buildSettings = {
				BUNDLE_LOADER = "$(TEST_HOST)";
				COMBINE_HIDPI_IMAGES = YES;
				ENABLE_TEST_DISCOVERY = YES;
				GENERATE_INFOPLIST_FILE = YES;
				INFOPLIST_FILE = ../Tests/MLXEngineTests/Info.plist;
				LD_RUNPATH_SEARCH_PATHS = (
					"$(inherited)",
					"@executable_path/../Frameworks",
					"@loader_path/../Frameworks",
				);
				PRODUCT_BUNDLE_IDENTIFIER = com.clevercoding.MLXEngineTests;
				SDKROOT = macosx;
			};
			name = Debug;
		};
		FDCC62984436B1E8B78C97D9 /* Debug */ = {
			isa = XCBuildConfiguration;
			buildSettings = {
				ALWAYS_SEARCH_USER_PATHS = NO;
				CLANG_ANALYZER_NONNULL = YES;
				CLANG_ANALYZER_NUMBER_OBJECT_CONVERSION = YES_AGGRESSIVE;
				CLANG_CXX_LANGUAGE_STANDARD = "gnu++14";
				CLANG_CXX_LIBRARY = "libc++";
				CLANG_ENABLE_MODULES = YES;
				CLANG_ENABLE_OBJC_ARC = YES;
				CLANG_ENABLE_OBJC_WEAK = YES;
				CLANG_WARN_BLOCK_CAPTURE_AUTORELEASING = YES;
				CLANG_WARN_BOOL_CONVERSION = YES;
				CLANG_WARN_COMMA = YES;
				CLANG_WARN_CONSTANT_CONVERSION = YES;
				CLANG_WARN_DEPRECATED_OBJC_IMPLEMENTATIONS = YES;
				CLANG_WARN_DIRECT_OBJC_ISA_USAGE = YES_ERROR;
				CLANG_WARN_DOCUMENTATION_COMMENTS = YES;
				CLANG_WARN_EMPTY_BODY = YES;
				CLANG_WARN_ENUM_CONVERSION = YES;
				CLANG_WARN_INFINITE_RECURSION = YES;
				CLANG_WARN_INT_CONVERSION = YES;
				CLANG_WARN_NON_LITERAL_NULL_CONVERSION = YES;
				CLANG_WARN_OBJC_IMPLICIT_RETAIN_SELF = YES;
				CLANG_WARN_OBJC_LITERAL_CONVERSION = YES;
				CLANG_WARN_OBJC_ROOT_CLASS = YES_ERROR;
				CLANG_WARN_QUOTED_INCLUDE_IN_FRAMEWORK_HEADER = YES;
				CLANG_WARN_RANGE_LOOP_ANALYSIS = YES;
				CLANG_WARN_STRICT_PROTOTYPES = YES;
				CLANG_WARN_SUSPICIOUS_MOVE = YES;
				CLANG_WARN_UNGUARDED_AVAILABILITY = YES_AGGRESSIVE;
				CLANG_WARN_UNREACHABLE_CODE = YES;
				CLANG_WARN__DUPLICATE_METHOD_MATCH = YES;
				COPY_PHASE_STRIP = NO;
				DEBUG_INFORMATION_FORMAT = dwarf;
				ENABLE_STRICT_OBJC_MSGSEND = YES;
				ENABLE_TESTABILITY = YES;
				GCC_C_LANGUAGE_STANDARD = gnu11;
				GCC_DYNAMIC_NO_PIC = NO;
				GCC_NO_COMMON_BLOCKS = YES;
				GCC_OPTIMIZATION_LEVEL = 0;
				GCC_PREPROCESSOR_DEFINITIONS = (
					"$(inherited)",
					"DEBUG=1",
				);
				GCC_WARN_64_TO_32_BIT_CONVERSION = YES;
				GCC_WARN_ABOUT_RETURN_TYPE = YES_ERROR;
				GCC_WARN_UNDECLARED_SELECTOR = YES;
				GCC_WARN_UNINITIALIZED_AUTOS = YES_AGGRESSIVE;
				GCC_WARN_UNUSED_FUNCTION = YES;
				GCC_WARN_UNUSED_VARIABLE = YES;
				IPHONEOS_DEPLOYMENT_TARGET = 17.0;
				MACOSX_DEPLOYMENT_TARGET = 13.0;
				MTL_ENABLE_DEBUG_INFO = INCLUDE_SOURCE;
				MTL_FAST_MATH = YES;
				ONLY_ACTIVE_ARCH = YES;
				PRODUCT_NAME = "$(TARGET_NAME)";
				SWIFT_ACTIVE_COMPILATION_CONDITIONS = DEBUG;
				SWIFT_OPTIMIZATION_LEVEL = "-Onone";
				SWIFT_VERSION = 5.0;
				TVOS_DEPLOYMENT_TARGET = 16.0;
				WATCHOS_DEPLOYMENT_TARGET = 9.0;
				XROS_DEPLOYMENT_TARGET = 1.0;
			};
			name = Debug;
		};
/* End XCBuildConfiguration section */

/* Begin XCConfigurationList section */
		938375124746FA3003DDBD4C /* Build configuration list for PBXProject "MLXChatApp" */ = {
			isa = XCConfigurationList;
			buildConfigurations = (
				FDCC62984436B1E8B78C97D9 /* Debug */,
				7B8378AE7F6778C0A28DEAD5 /* Release */,
			);
			defaultConfigurationIsVisible = 0;
			defaultConfigurationName = Debug;
		};
		DEAF739C21476078B45966F0 /* Build configuration list for PBXNativeTarget "MLXEngineTests" */ = {
			isa = XCConfigurationList;
			buildConfigurations = (
				CC47AEA7B62BC690BAB48EF3 /* Debug */,
				81EC944F336C97DA6B3EC337 /* Release */,
			);
			defaultConfigurationIsVisible = 0;
			defaultConfigurationName = Debug;
		};
		F29504A6C205BF671ACDC26F /* Build configuration list for PBXNativeTarget "MLXChatApp-iOS" */ = {
			isa = XCConfigurationList;
			buildConfigurations = (
				99FDA0F5051D773095414642 /* Debug */,
				C1F18FAA3970EE8EAADC8A3B /* Release */,
			);
			defaultConfigurationIsVisible = 0;
			defaultConfigurationName = Debug;
		};
/* End XCConfigurationList section */

/* Begin XCLocalSwiftPackageReference section */
		3884A2C099EDF450BF144EBE /* XCLocalSwiftPackageReference "..//" */ = {
			isa = XCLocalSwiftPackageReference;
			relativePath = "..//";
		};
		6651228C246758B398EAEB30 /* XCLocalSwiftPackageReference "../../swift-uikit" */ = {
			isa = XCLocalSwiftPackageReference;
			relativePath = "../../swift-uikit";
		};
/* End XCLocalSwiftPackageReference section */

/* Begin XCSwiftPackageProductDependency section */
		555C7683EA182AB4384CFEF7 /* MLXEngine */ = {
			isa = XCSwiftPackageProductDependency;
			productName = MLXEngine;
		};
		A44D88238931D68F3E0A407A /* MLXEngine */ = {
			isa = XCSwiftPackageProductDependency;
			productName = MLXEngine;
		};
		FF2F941C65D5C9D43695E2A1 /* SwiftUIKit */ = {
			isa = XCSwiftPackageProductDependency;
			productName = SwiftUIKit;
		};
/* End XCSwiftPackageProductDependency section */
	};
	rootObject = 264141558CC2AB5401AE98B5 /* Project object */;
}
